// !$*UTF8*$!
{
	archiveVersion = 1;
	classes = {
	};
	objectVersion = 46;
	objects = {

/* Begin PBXBuildFile section */
		87BF7AF513F59E2500338730 /* Awl.h in Headers */ = {isa = PBXBuildFile; fileRef = 87BF7AF413F59E2500338730 /* Awl.h */; };
		87BF7AF813F59E2500338730 /* Awl.cp in Sources */ = {isa = PBXBuildFile; fileRef = 87BF7AF713F59E2500338730 /* Awl.cp */; };
/* End PBXBuildFile section */

/* Begin PBXFileReference section */
		87BF7AED13F59E2500338730 /* Awl.dylib */ = {isa = PBXFileReference; explicitFileType = "compiled.mach-o.dylib"; includeInIndex = 0; path = Awl.dylib; sourceTree = BUILT_PRODUCTS_DIR; };
		87BF7AF113F59E2500338730 /* Awl-Prefix.pch */ = {isa = PBXFileReference; path = "Awl-Prefix.pch"; sourceTree = "<group>"; };
		87BF7AF213F59E2500338730 /* AwlProj.xcconfig */ = {isa = PBXFileReference; path = AwlProj.xcconfig; sourceTree = "<group>"; };
		87BF7AF313F59E2500338730 /* AwlTarget.xcconfig */ = {isa = PBXFileReference; path = AwlTarget.xcconfig; sourceTree = "<group>"; };
		87BF7AF413F59E2500338730 /* Awl.h */ = {isa = PBXFileReference; lastKnownFileType = sourcecode.c.h; path = Awl.h; sourceTree = "<group>"; };
		87BF7AF613F59E2500338730 /* AwlPriv.h */ = {isa = PBXFileReference; path = AwlPriv.h; sourceTree = "<group>"; };
		87BF7AF713F59E2500338730 /* Awl.cp */ = {isa = PBXFileReference; lastKnownFileType = sourcecode.cpp.cpp; path = Awl.cp; sourceTree = "<group>"; };
/* End PBXFileReference section */

/* Begin PBXFrameworksBuildPhase section */
		87BF7AEA13F59E2500338730 /* Frameworks */ = {
			isa = PBXFrameworksBuildPhase;
			buildActionMask = 2147483647;
			files = (
			);
			runOnlyForDeploymentPostprocessing = 0;
		};
/* End PBXFrameworksBuildPhase section */

/* Begin PBXGroup section */
		87BF7AE213F59E2500338730 = {
			isa = PBXGroup;
			children = (
				87BF7AEF13F59E2500338730 /* Awl */,
				87BF7AEE13F59E2500338730 /* Products */,
			);
			sourceTree = "<group>";
		};
		87BF7AEE13F59E2500338730 /* Products */ = {
			isa = PBXGroup;
			children = (
				87BF7AED13F59E2500338730 /* Awl.dylib */,
			);
			name = Products;
			sourceTree = "<group>";
		};
		87BF7AEF13F59E2500338730 /* Awl */ = {
			isa = PBXGroup;
			children = (
				87BF7AF213F59E2500338730 /* AwlProj.xcconfig */,
				87BF7AF313F59E2500338730 /* AwlTarget.xcconfig */,
				87BF7AF413F59E2500338730 /* Awl.h */,
				87BF7AF613F59E2500338730 /* AwlPriv.h */,
				87BF7AF713F59E2500338730 /* Awl.cp */,
				87BF7AF013F59E2500338730 /* Supporting Files */,
			);
			path = Awl;
			sourceTree = "<group>";
		};
		87BF7AF013F59E2500338730 /* Supporting Files */ = {
			isa = PBXGroup;
			children = (
				87BF7AF113F59E2500338730 /* Awl-Prefix.pch */,
			);
			name = "Supporting Files";
			sourceTree = "<group>";
		};
/* End PBXGroup section */

/* Begin PBXHeadersBuildPhase section */
		87BF7AEB13F59E2500338730 /* Headers */ = {
			isa = PBXHeadersBuildPhase;
			buildActionMask = 2147483647;
			files = (
				87BF7AF513F59E2500338730 /* Awl.h in Headers */,
			);
			runOnlyForDeploymentPostprocessing = 0;
		};
/* End PBXHeadersBuildPhase section */

/* Begin PBXNativeTarget section */
		87BF7AEC13F59E2500338730 /* Awl */ = {
			isa = PBXNativeTarget;
			buildConfigurationList = 87BF7AFB13F59E2500338730 /* Build configuration list for PBXNativeTarget "Awl" */;
			buildPhases = (
				87BF7AE913F59E2500338730 /* Sources */,
				87BF7AEA13F59E2500338730 /* Frameworks */,
				87BF7AEB13F59E2500338730 /* Headers */,
			);
			buildRules = (
			);
			dependencies = (
			);
			name = Awl;
			productName = Awl;
			productReference = 87BF7AED13F59E2500338730 /* Awl.dylib */;
			productType = "com.apple.product-type.library.dynamic";
		};
/* End PBXNativeTarget section */

/* Begin PBXProject section */
		87BF7AE413F59E2500338730 /* Project object */ = {
			isa = PBXProject;
			attributes = {
				ORGANIZATIONNAME = Yalir;
			};
			buildConfigurationList = 87BF7AE713F59E2500338730 /* Build configuration list for PBXProject "Awl" */;
			compatibilityVersion = "Xcode 3.2";
			developmentRegion = English;
			hasScannedForEncodings = 0;
			knownRegions = (
				en,
			);
			mainGroup = 87BF7AE213F59E2500338730;
			productRefGroup = 87BF7AEE13F59E2500338730 /* Products */;
			projectDirPath = "";
			projectRoot = "";
			targets = (
				87BF7AEC13F59E2500338730 /* Awl */,
			);
		};
/* End PBXProject section */

/* Begin PBXSourcesBuildPhase section */
		87BF7AE913F59E2500338730 /* Sources */ = {
			isa = PBXSourcesBuildPhase;
			buildActionMask = 2147483647;
			files = (
				87BF7AF813F59E2500338730 /* Awl.cp in Sources */,
			);
			runOnlyForDeploymentPostprocessing = 0;
		};
/* End PBXSourcesBuildPhase section */

/* Begin XCBuildConfiguration section */
		87BF7AF913F59E2500338730 /* Debug */ = {
			isa = XCBuildConfiguration;
			buildSettings = {
				ARCHS = "$(ARCHS_STANDARD_32_64_BIT)";
				GCC_C_LANGUAGE_STANDARD = gnu99;
				GCC_OPTIMIZATION_LEVEL = 0;
				GCC_PREPROCESSOR_DEFINITIONS = DEBUG;
				GCC_SYMBOLS_PRIVATE_EXTERN = NO;
				GCC_VERSION = com.apple.compilers.llvm.clang.1_0;
				GCC_WARN_64_TO_32_BIT_CONVERSION = YES;
				GCC_WARN_ABOUT_RETURN_TYPE = YES;
				GCC_WARN_UNUSED_VARIABLE = YES;
				MACOSX_DEPLOYMENT_TARGET = 10.6;
				ONLY_ACTIVE_ARCH = YES;
				SDKROOT = macosx;
			};
			name = Debug;
		};
		87BF7AFA13F59E2500338730 /* Release */ = {
			isa = XCBuildConfiguration;
			buildSettings = {
				ARCHS = "$(ARCHS_STANDARD_32_64_BIT)";
				GCC_C_LANGUAGE_STANDARD = gnu99;
				GCC_VERSION = com.apple.compilers.llvm.clang.1_0;
				GCC_WARN_64_TO_32_BIT_CONVERSION = YES;
				GCC_WARN_ABOUT_RETURN_TYPE = YES;
				GCC_WARN_UNUSED_VARIABLE = YES;
				MACOSX_DEPLOYMENT_TARGET = 10.6;
				SDKROOT = macosx;
			};
			name = Release;
		};
		87BF7AFC13F59E2500338730 /* Debug */ = {
			isa = XCBuildConfiguration;
			buildSettings = {
				ALWAYS_SEARCH_USER_PATHS = NO;
				COPY_PHASE_STRIP = NO;
				GCC_DYNAMIC_NO_PIC = NO;
				GCC_ENABLE_OBJC_EXCEPTIONS = YES;
				PRODUCT_NAME = "$(TARGET_NAME)";
			};
			name = Debug;
		};
		87BF7AFD13F59E2500338730 /* Release */ = {
			isa = XCBuildConfiguration;
			buildSettings = {
				ALWAYS_SEARCH_USER_PATHS = NO;
				COPY_PHASE_STRIP = YES;
				DEBUG_INFORMATION_FORMAT = "dwarf-with-dsym";
				GCC_ENABLE_OBJC_EXCEPTIONS = YES;
				PRODUCT_NAME = "$(TARGET_NAME)";
			};
			name = Release;
		};
/* End XCBuildConfiguration section */

/* Begin XCConfigurationList section */
		87BF7AE713F59E2500338730 /* Build configuration list for PBXProject "Awl" */ = {
			isa = XCConfigurationList;
			buildConfigurations = (
				87BF7AF913F59E2500338730 /* Debug */,
				87BF7AFA13F59E2500338730 /* Release */,
			);
			defaultConfigurationIsVisible = 0;
			defaultConfigurationName = Release;
		};
		87BF7AFB13F59E2500338730 /* Build configuration list for PBXNativeTarget "Awl" */ = {
			isa = XCConfigurationList;
			buildConfigurations = (
				87BF7AFC13F59E2500338730 /* Debug */,
				87BF7AFD13F59E2500338730 /* Release */,
			);
			defaultConfigurationIsVisible = 0;
		};
/* End XCConfigurationList section */
	};
	rootObject = 87BF7AE413F59E2500338730 /* Project object */;
}
